
Microsoft Visual Studio Solution File, Format Version 12.00
# Visual Studio Version 17
VisualStudioVersion = 17.7.34024.191
MinimumVisualStudioVersion = 10.0.40219.1
Project("{FAE04EC0-301F-11D3-BF4B-00C04F79EFBC}") = "rest_client", "rest_client.csproj", "{3B884306-A461-4B7B-B868-A13F039E5C19}"
EndProject
Global
	GlobalSection(SolutionConfigurationPlatforms) = preSolution
		Debug|Any CPU = Debug|Any CPU
		Release|Any CPU = Release|Any CPU
	EndGlobalSection
	GlobalSection(ProjectConfigurationPlatforms) = postSolution
		{3B884306-A461-4B7B-B868-A13F039E5C19}.Debug|Any CPU.ActiveCfg = Debug|Any CPU
		{3B884306-A461-4B7B-B868-A13F039E5C19}.Debug|Any CPU.Build.0 = Debug|Any CPU
		{3B884306-A461-4B7B-B868-A13F039E5C19}.Release|Any CPU.ActiveCfg = Release|Any CPU
		{3B884306-A461-4B7B-B868-A13F039E5C19}.Release|Any CPU.Build.0 = Release|Any CPU
	EndGlobalSection
	GlobalSection(SolutionProperties) = preSolution
		HideSolutionNode = FALSE
	EndGlobalSection
	GlobalSection(ExtensibilityGlobals) = postSolution
		SolutionGuid = {34432B98-D5AF-4792-A3DA-0E70A0179043}
	EndGlobalSection
EndGlobal
